
Microsoft Visual Studio Solution File, Format Version 12.00
# Visual Studio Version 16
VisualStudioVersion = 16.0.31321.278
MinimumVisualStudioVersion = 10.0.40219.1
Project("{8BC9CEB8-8B4A-11D0-8D11-00A0C91BC942}") = "Marksdatatypes", "Marksdatatypes.vcxproj", "{41A3B511-1501-407C-81B6-4E1E7F24B65E}"
EndProject
Global
	GlobalSection(SolutionConfigurationPlatforms) = preSolution
		Debug|x64 = Debug|x64
		Debug|x86 = Debug|x86
		Release|x64 = Release|x64
		Release|x86 = Release|x86
	EndGlobalSection
	GlobalSection(ProjectConfigurationPlatforms) = postSolution
		{41A3B511-1501-407C-81B6-4E1E7F24B65E}.Debug|x64.ActiveCfg = Debug|x64
		{41A3B511-1501-407C-81B6-4E1E7F24B65E}.Debug|x64.Build.0 = Debug|x64
		{41A3B511-1501-407C-81B6-4E1E7F24B65E}.Debug|x86.ActiveCfg = Debug|Win32
		{41A3B511-1501-407C-81B6-4E1E7F24B65E}.Debug|x86.Build.0 = Debug|Win32
		{41A3B511-1501-407C-81B6-4E1E7F24B65E}.Release|x64.ActiveCfg = Release|x64
		{41A3B511-1501-407C-81B6-4E1E7F24B65E}.Release|x64.Build.0 = Release|x64
		{41A3B511-1501-407C-81B6-4E1E7F24B65E}.Release|x86.ActiveCfg = Release|Win32
		{41A3B511-1501-407C-81B6-4E1E7F24B65E}.Release|x86.Build.0 = Release|Win32
	EndGlobalSection
	GlobalSection(SolutionProperties) = preSolution
		HideSolutionNode = FALSE
	EndGlobalSection
	GlobalSection(ExtensibilityGlobals) = postSolution
		SolutionGuid = {B5AD6D55-62C6-44A3-888D-313FA4427AA5}
	EndGlobalSection
EndGlobal
